
Microsoft Visual Studio Solution File, Format Version 12.00
# Visual Studio Version 16
VisualStudioVersion = 16.0.30011.22
MinimumVisualStudioVersion = 10.0.40219.1
Project("{FAE04EC0-301F-11D3-BF4B-00C04F79EFBC}") = "AtikToplamaOyunu", "WindowsFormsApp4\AtikToplamaOyunu.csproj", "{B7B01865-8363-45F0-8280-A96953D8849F}"
EndProject
Global
	GlobalSection(SolutionConfigurationPlatforms) = preSolution
		Debug|Any CPU = Debug|Any CPU
		Release|Any CPU = Release|Any CPU
	EndGlobalSection
	GlobalSection(ProjectConfigurationPlatforms) = postSolution
		{B7B01865-8363-45F0-8280-A96953D8849F}.Debug|Any CPU.ActiveCfg = Debug|Any CPU
		{B7B01865-8363-45F0-8280-A96953D8849F}.Debug|Any CPU.Build.0 = Debug|Any CPU
		{B7B01865-8363-45F0-8280-A96953D8849F}.Release|Any CPU.ActiveCfg = Release|Any CPU
		{B7B01865-8363-45F0-8280-A96953D8849F}.Release|Any CPU.Build.0 = Release|Any CPU
	EndGlobalSection
	GlobalSection(SolutionProperties) = preSolution
		HideSolutionNode = FALSE
	EndGlobalSection
	GlobalSection(ExtensibilityGlobals) = postSolution
		SolutionGuid = {4A798E36-5194-4EE7-9624-C514803EEBFC}
	EndGlobalSection
EndGlobal
